// !$*UTF8*$!
{
	archiveVersion = 1;
	classes = {
	};
	objectVersion = 56;
	objects = {

/* Begin PBXBuildFile section */
		160312752BE998FA00478E73 /* SuperSpecialTimerApp.swift in Sources */ = {isa = PBXBuildFile; fileRef = 160312742BE998FA00478E73 /* SuperSpecialTimerApp.swift */; };
		160312772BE998FA00478E73 /* ContentView.swift in Sources */ = {isa = PBXBuildFile; fileRef = 160312762BE998FA00478E73 /* ContentView.swift */; };
		160312792BE998FC00478E73 /* Assets.xcassets in Resources */ = {isa = PBXBuildFile; fileRef = 160312782BE998FC00478E73 /* Assets.xcassets */; };
		1603127C2BE998FC00478E73 /* Preview Assets.xcassets in Resources */ = {isa = PBXBuildFile; fileRef = 1603127B2BE998FC00478E73 /* Preview Assets.xcassets */; };
		160312862BE998FC00478E73 /* SuperSpecialTimerTests.swift in Sources */ = {isa = PBXBuildFile; fileRef = 160312852BE998FC00478E73 /* SuperSpecialTimerTests.swift */; };
		160312902BE998FC00478E73 /* SuperSpecialTimerUITests.swift in Sources */ = {isa = PBXBuildFile; fileRef = 1603128F2BE998FC00478E73 /* SuperSpecialTimerUITests.swift */; };
		160312922BE998FC00478E73 /* SuperSpecialTimerUITestsLaunchTests.swift in Sources */ = {isa = PBXBuildFile; fileRef = 160312912BE998FC00478E73 /* SuperSpecialTimerUITestsLaunchTests.swift */; };
		160312A32BEBE58F00478E73 /* TimerData.swift in Sources */ = {isa = PBXBuildFile; fileRef = 160312A22BEBE58F00478E73 /* TimerData.swift */; };
		160312A52BEBE62E00478E73 /* TimerViewModel.swift in Sources */ = {isa = PBXBuildFile; fileRef = 160312A42BEBE62E00478E73 /* TimerViewModel.swift */; };
		160312A72BEBE8FE00478E73 /* TimerListView.swift in Sources */ = {isa = PBXBuildFile; fileRef = 160312A62BEBE8FE00478E73 /* TimerListView.swift */; };
		160312A92BEBE90800478E73 /* TimerDetailView.swift in Sources */ = {isa = PBXBuildFile; fileRef = 160312A82BEBE90800478E73 /* TimerDetailView.swift */; };
		160312AB2BEBE92500478E73 /* AddTimerView.swift in Sources */ = {isa = PBXBuildFile; fileRef = 160312AA2BEBE92500478E73 /* AddTimerView.swift */; };
		160312B02BEC15ED00478E73 /* TimerDetailButton.swift in Sources */ = {isa = PBXBuildFile; fileRef = 160312AF2BEC15ED00478E73 /* TimerDetailButton.swift */; };
		160312B32BEC354A00478E73 /* MockTimers.swift in Sources */ = {isa = PBXBuildFile; fileRef = 160312B22BEC354A00478E73 /* MockTimers.swift */; };
		160312B52BEC359D00478E73 /* TimerListViewModel.swift in Sources */ = {isa = PBXBuildFile; fileRef = 160312B42BEC359D00478E73 /* TimerListViewModel.swift */; };
		16A535D82C10E3B600259FC7 /* TimerHelper.swift in Sources */ = {isa = PBXBuildFile; fileRef = 16A535D72C10E3B600259FC7 /* TimerHelper.swift */; };
		16A535DB2C1936B700259FC7 /* AddEditTimerView.swift in Sources */ = {isa = PBXBuildFile; fileRef = 16A535DA2C1936B700259FC7 /* AddEditTimerView.swift */; };
		16A535DD2C1936C100259FC7 /* AddEditTimerViewModel.swift in Sources */ = {isa = PBXBuildFile; fileRef = 16A535DC2C1936C100259FC7 /* AddEditTimerViewModel.swift */; };
		16A535DF2C19386D00259FC7 /* CustomAddEditTimerRowView.swift in Sources */ = {isa = PBXBuildFile; fileRef = 16A535DE2C19386D00259FC7 /* CustomAddEditTimerRowView.swift */; };
		16A535E12C2225F800259FC7 /* TimerSetting.swift in Sources */ = {isa = PBXBuildFile; fileRef = 16A535E02C2225F800259FC7 /* TimerSetting.swift */; };
		16A535E32C275A1900259FC7 /* UserDefaults+KeyValidation.swift in Sources */ = {isa = PBXBuildFile; fileRef = 16A535E22C275A1900259FC7 /* UserDefaults+KeyValidation.swift */; };
		16A535E52C27642800259FC7 /* Theme.swift in Sources */ = {isa = PBXBuildFile; fileRef = 16A535E42C27642800259FC7 /* Theme.swift */; };
/* End PBXBuildFile section */

/* Begin PBXContainerItemProxy section */
		160312822BE998FC00478E73 /* PBXContainerItemProxy */ = {
			isa = PBXContainerItemProxy;
			containerPortal = 160312692BE998FA00478E73 /* Project object */;
			proxyType = 1;
			remoteGlobalIDString = 160312702BE998FA00478E73;
			remoteInfo = SuperSpecialTimer;
		};
		1603128C2BE998FC00478E73 /* PBXContainerItemProxy */ = {
			isa = PBXContainerItemProxy;
			containerPortal = 160312692BE998FA00478E73 /* Project object */;
			proxyType = 1;
			remoteGlobalIDString = 160312702BE998FA00478E73;
			remoteInfo = SuperSpecialTimer;
		};
/* End PBXContainerItemProxy section */

/* Begin PBXFileReference section */
		160312712BE998FA00478E73 /* SuperSpecialTimer.app */ = {isa = PBXFileReference; explicitFileType = wrapper.application; includeInIndex = 0; path = SuperSpecialTimer.app; sourceTree = BUILT_PRODUCTS_DIR; };
		160312742BE998FA00478E73 /* SuperSpecialTimerApp.swift */ = {isa = PBXFileReference; lastKnownFileType = sourcecode.swift; path = SuperSpecialTimerApp.swift; sourceTree = "<group>"; };
		160312762BE998FA00478E73 /* ContentView.swift */ = {isa = PBXFileReference; lastKnownFileType = sourcecode.swift; path = ContentView.swift; sourceTree = "<group>"; };
		160312782BE998FC00478E73 /* Assets.xcassets */ = {isa = PBXFileReference; lastKnownFileType = folder.assetcatalog; path = Assets.xcassets; sourceTree = "<group>"; };
		1603127B2BE998FC00478E73 /* Preview Assets.xcassets */ = {isa = PBXFileReference; lastKnownFileType = folder.assetcatalog; path = "Preview Assets.xcassets"; sourceTree = "<group>"; };
		160312812BE998FC00478E73 /* SuperSpecialTimerTests.xctest */ = {isa = PBXFileReference; explicitFileType = wrapper.cfbundle; includeInIndex = 0; path = SuperSpecialTimerTests.xctest; sourceTree = BUILT_PRODUCTS_DIR; };
		160312852BE998FC00478E73 /* SuperSpecialTimerTests.swift */ = {isa = PBXFileReference; lastKnownFileType = sourcecode.swift; path = SuperSpecialTimerTests.swift; sourceTree = "<group>"; };
		1603128B2BE998FC00478E73 /* SuperSpecialTimerUITests.xctest */ = {isa = PBXFileReference; explicitFileType = wrapper.cfbundle; includeInIndex = 0; path = SuperSpecialTimerUITests.xctest; sourceTree = BUILT_PRODUCTS_DIR; };
		1603128F2BE998FC00478E73 /* SuperSpecialTimerUITests.swift */ = {isa = PBXFileReference; lastKnownFileType = sourcecode.swift; path = SuperSpecialTimerUITests.swift; sourceTree = "<group>"; };
		160312912BE998FC00478E73 /* SuperSpecialTimerUITestsLaunchTests.swift */ = {isa = PBXFileReference; lastKnownFileType = sourcecode.swift; path = SuperSpecialTimerUITestsLaunchTests.swift; sourceTree = "<group>"; };
		160312A22BEBE58F00478E73 /* TimerData.swift */ = {isa = PBXFileReference; lastKnownFileType = sourcecode.swift; path = TimerData.swift; sourceTree = "<group>"; };
		160312A42BEBE62E00478E73 /* TimerViewModel.swift */ = {isa = PBXFileReference; lastKnownFileType = sourcecode.swift; path = TimerViewModel.swift; sourceTree = "<group>"; };
		160312A62BEBE8FE00478E73 /* TimerListView.swift */ = {isa = PBXFileReference; lastKnownFileType = sourcecode.swift; path = TimerListView.swift; sourceTree = "<group>"; };
		160312A82BEBE90800478E73 /* TimerDetailView.swift */ = {isa = PBXFileReference; lastKnownFileType = sourcecode.swift; path = TimerDetailView.swift; sourceTree = "<group>"; };
		160312AA2BEBE92500478E73 /* AddTimerView.swift */ = {isa = PBXFileReference; lastKnownFileType = sourcecode.swift; path = AddTimerView.swift; sourceTree = "<group>"; };
		160312AC2BEBE96500478E73 /* INFO.md */ = {isa = PBXFileReference; lastKnownFileType = net.daringfireball.markdown; path = INFO.md; sourceTree = "<group>"; };
		160312AF2BEC15ED00478E73 /* TimerDetailButton.swift */ = {isa = PBXFileReference; lastKnownFileType = sourcecode.swift; path = TimerDetailButton.swift; sourceTree = "<group>"; };
		160312B22BEC354A00478E73 /* MockTimers.swift */ = {isa = PBXFileReference; lastKnownFileType = sourcecode.swift; path = MockTimers.swift; sourceTree = "<group>"; };
		160312B42BEC359D00478E73 /* TimerListViewModel.swift */ = {isa = PBXFileReference; lastKnownFileType = sourcecode.swift; path = TimerListViewModel.swift; sourceTree = "<group>"; };
		16A535D72C10E3B600259FC7 /* TimerHelper.swift */ = {isa = PBXFileReference; lastKnownFileType = sourcecode.swift; path = TimerHelper.swift; sourceTree = "<group>"; };
		16A535D92C10E43000259FC7 /* DEVLOG.md */ = {isa = PBXFileReference; lastKnownFileType = net.daringfireball.markdown; path = DEVLOG.md; sourceTree = "<group>"; };
		16A535DA2C1936B700259FC7 /* AddEditTimerView.swift */ = {isa = PBXFileReference; lastKnownFileType = sourcecode.swift; path = AddEditTimerView.swift; sourceTree = "<group>"; };
		16A535DC2C1936C100259FC7 /* AddEditTimerViewModel.swift */ = {isa = PBXFileReference; lastKnownFileType = sourcecode.swift; path = AddEditTimerViewModel.swift; sourceTree = "<group>"; };
		16A535DE2C19386D00259FC7 /* CustomAddEditTimerRowView.swift */ = {isa = PBXFileReference; lastKnownFileType = sourcecode.swift; path = CustomAddEditTimerRowView.swift; sourceTree = "<group>"; };
		16A535E02C2225F800259FC7 /* TimerSetting.swift */ = {isa = PBXFileReference; lastKnownFileType = sourcecode.swift; path = TimerSetting.swift; sourceTree = "<group>"; };
		16A535E22C275A1900259FC7 /* UserDefaults+KeyValidation.swift */ = {isa = PBXFileReference; lastKnownFileType = sourcecode.swift; path = "UserDefaults+KeyValidation.swift"; sourceTree = "<group>"; };
		16A535E42C27642800259FC7 /* Theme.swift */ = {isa = PBXFileReference; lastKnownFileType = sourcecode.swift; path = Theme.swift; sourceTree = "<group>"; };
/* End PBXFileReference section */

/* Begin PBXFrameworksBuildPhase section */
		1603126E2BE998FA00478E73 /* Frameworks */ = {
			isa = PBXFrameworksBuildPhase;
			buildActionMask = 2147483647;
			files = (
			);
			runOnlyForDeploymentPostprocessing = 0;
		};
		1603127E2BE998FC00478E73 /* Frameworks */ = {
			isa = PBXFrameworksBuildPhase;
			buildActionMask = 2147483647;
			files = (
			);
			runOnlyForDeploymentPostprocessing = 0;
		};
		160312882BE998FC00478E73 /* Frameworks */ = {
			isa = PBXFrameworksBuildPhase;
			buildActionMask = 2147483647;
			files = (
			);
			runOnlyForDeploymentPostprocessing = 0;
		};
/* End PBXFrameworksBuildPhase section */

/* Begin PBXGroup section */
		160312682BE998FA00478E73 = {
			isa = PBXGroup;
			children = (
				160312732BE998FA00478E73 /* SuperSpecialTimer */,
				160312842BE998FC00478E73 /* SuperSpecialTimerTests */,
				1603128E2BE998FC00478E73 /* SuperSpecialTimerUITests */,
				160312722BE998FA00478E73 /* Products */,
			);
			sourceTree = "<group>";
		};
		160312722BE998FA00478E73 /* Products */ = {
			isa = PBXGroup;
			children = (
				160312712BE998FA00478E73 /* SuperSpecialTimer.app */,
				160312812BE998FC00478E73 /* SuperSpecialTimerTests.xctest */,
				1603128B2BE998FC00478E73 /* SuperSpecialTimerUITests.xctest */,
			);
			name = Products;
			sourceTree = "<group>";
		};
		160312732BE998FA00478E73 /* SuperSpecialTimer */ = {
			isa = PBXGroup;
			children = (
				160312B12BEC354300478E73 /* Data */,
				160312A12BEBE48D00478E73 /* Util */,
				160312A02BEBE48100478E73 /* Model */,
				1603129F2BEBE47D00478E73 /* View */,
				1603129E2BEBE47900478E73 /* ViewModel */,
				160312742BE998FA00478E73 /* SuperSpecialTimerApp.swift */,
				160312762BE998FA00478E73 /* ContentView.swift */,
				160312782BE998FC00478E73 /* Assets.xcassets */,
				1603127A2BE998FC00478E73 /* Preview Content */,
				160312AC2BEBE96500478E73 /* INFO.md */,
				16A535D92C10E43000259FC7 /* DEVLOG.md */,
			);
			path = SuperSpecialTimer;
			sourceTree = "<group>";
		};
		1603127A2BE998FC00478E73 /* Preview Content */ = {
			isa = PBXGroup;
			children = (
				1603127B2BE998FC00478E73 /* Preview Assets.xcassets */,
			);
			path = "Preview Content";
			sourceTree = "<group>";
		};
		160312842BE998FC00478E73 /* SuperSpecialTimerTests */ = {
			isa = PBXGroup;
			children = (
				160312852BE998FC00478E73 /* SuperSpecialTimerTests.swift */,
			);
			path = SuperSpecialTimerTests;
			sourceTree = "<group>";
		};
		1603128E2BE998FC00478E73 /* SuperSpecialTimerUITests */ = {
			isa = PBXGroup;
			children = (
				1603128F2BE998FC00478E73 /* SuperSpecialTimerUITests.swift */,
				160312912BE998FC00478E73 /* SuperSpecialTimerUITestsLaunchTests.swift */,
			);
			path = SuperSpecialTimerUITests;
			sourceTree = "<group>";
		};
		1603129E2BEBE47900478E73 /* ViewModel */ = {
			isa = PBXGroup;
			children = (
				160312A42BEBE62E00478E73 /* TimerViewModel.swift */,
				160312B42BEC359D00478E73 /* TimerListViewModel.swift */,
				16A535DC2C1936C100259FC7 /* AddEditTimerViewModel.swift */,
			);
			path = ViewModel;
			sourceTree = "<group>";
		};
		1603129F2BEBE47D00478E73 /* View */ = {
			isa = PBXGroup;
			children = (
				160312AE2BEC15D500478E73 /* Components */,
				16A535DA2C1936B700259FC7 /* AddEditTimerView.swift */,
				160312A62BEBE8FE00478E73 /* TimerListView.swift */,
				160312A82BEBE90800478E73 /* TimerDetailView.swift */,
				160312AA2BEBE92500478E73 /* AddTimerView.swift */,
			);
			path = View;
			sourceTree = "<group>";
		};
		160312A02BEBE48100478E73 /* Model */ = {
			isa = PBXGroup;
			children = (
				160312A22BEBE58F00478E73 /* TimerData.swift */,
				16A535E02C2225F800259FC7 /* TimerSetting.swift */,
				16A535E42C27642800259FC7 /* Theme.swift */,
			);
			path = Model;
			sourceTree = "<group>";
		};
		160312A12BEBE48D00478E73 /* Util */ = {
			isa = PBXGroup;
			children = (
				16A535D72C10E3B600259FC7 /* TimerHelper.swift */,
				16A535E22C275A1900259FC7 /* UserDefaults+KeyValidation.swift */,
			);
			path = Util;
			sourceTree = "<group>";
		};
		160312AE2BEC15D500478E73 /* Components */ = {
			isa = PBXGroup;
			children = (
				160312AF2BEC15ED00478E73 /* TimerDetailButton.swift */,
				16A535DE2C19386D00259FC7 /* CustomAddEditTimerRowView.swift */,
			);
			path = Components;
			sourceTree = "<group>";
		};
		160312B12BEC354300478E73 /* Data */ = {
			isa = PBXGroup;
			children = (
				160312B22BEC354A00478E73 /* MockTimers.swift */,
			);
			path = Data;
			sourceTree = "<group>";
		};
/* End PBXGroup section */

/* Begin PBXNativeTarget section */
		160312702BE998FA00478E73 /* SuperSpecialTimer */ = {
			isa = PBXNativeTarget;
			buildConfigurationList = 160312952BE998FC00478E73 /* Build configuration list for PBXNativeTarget "SuperSpecialTimer" */;
			buildPhases = (
				1603126D2BE998FA00478E73 /* Sources */,
				1603126E2BE998FA00478E73 /* Frameworks */,
				1603126F2BE998FA00478E73 /* Resources */,
			);
			buildRules = (
			);
			dependencies = (
			);
			name = SuperSpecialTimer;
			productName = SuperSpecialTimer;
			productReference = 160312712BE998FA00478E73 /* SuperSpecialTimer.app */;
			productType = "com.apple.product-type.application";
		};
		160312802BE998FC00478E73 /* SuperSpecialTimerTests */ = {
			isa = PBXNativeTarget;
			buildConfigurationList = 160312982BE998FC00478E73 /* Build configuration list for PBXNativeTarget "SuperSpecialTimerTests" */;
			buildPhases = (
				1603127D2BE998FC00478E73 /* Sources */,
				1603127E2BE998FC00478E73 /* Frameworks */,
				1603127F2BE998FC00478E73 /* Resources */,
			);
			buildRules = (
			);
			dependencies = (
				160312832BE998FC00478E73 /* PBXTargetDependency */,
			);
			name = SuperSpecialTimerTests;
			productName = SuperSpecialTimerTests;
			productReference = 160312812BE998FC00478E73 /* SuperSpecialTimerTests.xctest */;
			productType = "com.apple.product-type.bundle.unit-test";
		};
		1603128A2BE998FC00478E73 /* SuperSpecialTimerUITests */ = {
			isa = PBXNativeTarget;
			buildConfigurationList = 1603129B2BE998FC00478E73 /* Build configuration list for PBXNativeTarget "SuperSpecialTimerUITests" */;
			buildPhases = (
				160312872BE998FC00478E73 /* Sources */,
				160312882BE998FC00478E73 /* Frameworks */,
				160312892BE998FC00478E73 /* Resources */,
			);
			buildRules = (
			);
			dependencies = (
				1603128D2BE998FC00478E73 /* PBXTargetDependency */,
			);
			name = SuperSpecialTimerUITests;
			productName = SuperSpecialTimerUITests;
			productReference = 1603128B2BE998FC00478E73 /* SuperSpecialTimerUITests.xctest */;
			productType = "com.apple.product-type.bundle.ui-testing";
		};
/* End PBXNativeTarget section */

/* Begin PBXProject section */
		160312692BE998FA00478E73 /* Project object */ = {
			isa = PBXProject;
			attributes = {
				BuildIndependentTargetsInParallel = 1;
				LastSwiftUpdateCheck = 1500;
				LastUpgradeCheck = 1500;
				TargetAttributes = {
					160312702BE998FA00478E73 = {
						CreatedOnToolsVersion = 15.0;
					};
					160312802BE998FC00478E73 = {
						CreatedOnToolsVersion = 15.0;
						TestTargetID = 160312702BE998FA00478E73;
					};
					1603128A2BE998FC00478E73 = {
						CreatedOnToolsVersion = 15.0;
						TestTargetID = 160312702BE998FA00478E73;
					};
				};
			};
			buildConfigurationList = 1603126C2BE998FA00478E73 /* Build configuration list for PBXProject "SuperSpecialTimer" */;
			compatibilityVersion = "Xcode 14.0";
			developmentRegion = en;
			hasScannedForEncodings = 0;
			knownRegions = (
				en,
				Base,
			);
			mainGroup = 160312682BE998FA00478E73;
			productRefGroup = 160312722BE998FA00478E73 /* Products */;
			projectDirPath = "";
			projectRoot = "";
			targets = (
				160312702BE998FA00478E73 /* SuperSpecialTimer */,
				160312802BE998FC00478E73 /* SuperSpecialTimerTests */,
				1603128A2BE998FC00478E73 /* SuperSpecialTimerUITests */,
			);
		};
/* End PBXProject section */

/* Begin PBXResourcesBuildPhase section */
		1603126F2BE998FA00478E73 /* Resources */ = {
			isa = PBXResourcesBuildPhase;
			buildActionMask = 2147483647;
			files = (
				1603127C2BE998FC00478E73 /* Preview Assets.xcassets in Resources */,
				160312792BE998FC00478E73 /* Assets.xcassets in Resources */,
			);
			runOnlyForDeploymentPostprocessing = 0;
		};
		1603127F2BE998FC00478E73 /* Resources */ = {
			isa = PBXResourcesBuildPhase;
			buildActionMask = 2147483647;
			files = (
			);
			runOnlyForDeploymentPostprocessing = 0;
		};
		160312892BE998FC00478E73 /* Resources */ = {
			isa = PBXResourcesBuildPhase;
			buildActionMask = 2147483647;
			files = (
			);
			runOnlyForDeploymentPostprocessing = 0;
		};
/* End PBXResourcesBuildPhase section */

/* Begin PBXSourcesBuildPhase section */
		1603126D2BE998FA00478E73 /* Sources */ = {
			isa = PBXSourcesBuildPhase;
			buildActionMask = 2147483647;
			files = (
				16A535DB2C1936B700259FC7 /* AddEditTimerView.swift in Sources */,
				160312A92BEBE90800478E73 /* TimerDetailView.swift in Sources */,
				16A535E32C275A1900259FC7 /* UserDefaults+KeyValidation.swift in Sources */,
				160312A72BEBE8FE00478E73 /* TimerListView.swift in Sources */,
				160312B02BEC15ED00478E73 /* TimerDetailButton.swift in Sources */,
				160312A52BEBE62E00478E73 /* TimerViewModel.swift in Sources */,
				160312772BE998FA00478E73 /* ContentView.swift in Sources */,
				160312AB2BEBE92500478E73 /* AddTimerView.swift in Sources */,
				16A535DD2C1936C100259FC7 /* AddEditTimerViewModel.swift in Sources */,
				160312B52BEC359D00478E73 /* TimerListViewModel.swift in Sources */,
				160312B32BEC354A00478E73 /* MockTimers.swift in Sources */,
				16A535E52C27642800259FC7 /* Theme.swift in Sources */,
				160312752BE998FA00478E73 /* SuperSpecialTimerApp.swift in Sources */,
				160312A32BEBE58F00478E73 /* TimerData.swift in Sources */,
				16A535DF2C19386D00259FC7 /* CustomAddEditTimerRowView.swift in Sources */,
				16A535D82C10E3B600259FC7 /* TimerHelper.swift in Sources */,
				16A535E12C2225F800259FC7 /* TimerSetting.swift in Sources */,
			);
			runOnlyForDeploymentPostprocessing = 0;
		};
		1603127D2BE998FC00478E73 /* Sources */ = {
			isa = PBXSourcesBuildPhase;
			buildActionMask = 2147483647;
			files = (
				160312862BE998FC00478E73 /* SuperSpecialTimerTests.swift in Sources */,
			);
			runOnlyForDeploymentPostprocessing = 0;
		};
		160312872BE998FC00478E73 /* Sources */ = {
			isa = PBXSourcesBuildPhase;
			buildActionMask = 2147483647;
			files = (
				160312922BE998FC00478E73 /* SuperSpecialTimerUITestsLaunchTests.swift in Sources */,
				160312902BE998FC00478E73 /* SuperSpecialTimerUITests.swift in Sources */,
			);
			runOnlyForDeploymentPostprocessing = 0;
		};
/* End PBXSourcesBuildPhase section */

/* Begin PBXTargetDependency section */
		160312832BE998FC00478E73 /* PBXTargetDependency */ = {
			isa = PBXTargetDependency;
			target = 160312702BE998FA00478E73 /* SuperSpecialTimer */;
			targetProxy = 160312822BE998FC00478E73 /* PBXContainerItemProxy */;
		};
		1603128D2BE998FC00478E73 /* PBXTargetDependency */ = {
			isa = PBXTargetDependency;
			target = 160312702BE998FA00478E73 /* SuperSpecialTimer */;
			targetProxy = 1603128C2BE998FC00478E73 /* PBXContainerItemProxy */;
		};
/* End PBXTargetDependency section */

/* Begin XCBuildConfiguration section */
		160312932BE998FC00478E73 /* Debug */ = {
			isa = XCBuildConfiguration;
			buildSettings = {
				ALWAYS_SEARCH_USER_PATHS = NO;
				ASSETCATALOG_COMPILER_GENERATE_SWIFT_ASSET_SYMBOL_EXTENSIONS = YES;
				CLANG_ANALYZER_NONNULL = YES;
				CLANG_ANALYZER_NUMBER_OBJECT_CONVERSION = YES_AGGRESSIVE;
				CLANG_CXX_LANGUAGE_STANDARD = "gnu++20";
				CLANG_ENABLE_MODULES = YES;
				CLANG_ENABLE_OBJC_ARC = YES;
				CLANG_ENABLE_OBJC_WEAK = YES;
				CLANG_WARN_BLOCK_CAPTURE_AUTORELEASING = YES;
				CLANG_WARN_BOOL_CONVERSION = YES;
				CLANG_WARN_COMMA = YES;
				CLANG_WARN_CONSTANT_CONVERSION = YES;
				CLANG_WARN_DEPRECATED_OBJC_IMPLEMENTATIONS = YES;
				CLANG_WARN_DIRECT_OBJC_ISA_USAGE = YES_ERROR;
				CLANG_WARN_DOCUMENTATION_COMMENTS = YES;
				CLANG_WARN_EMPTY_BODY = YES;
				CLANG_WARN_ENUM_CONVERSION = YES;
				CLANG_WARN_INFINITE_RECURSION = YES;
				CLANG_WARN_INT_CONVERSION = YES;
				CLANG_WARN_NON_LITERAL_NULL_CONVERSION = YES;
				CLANG_WARN_OBJC_IMPLICIT_RETAIN_SELF = YES;
				CLANG_WARN_OBJC_LITERAL_CONVERSION = YES;
				CLANG_WARN_OBJC_ROOT_CLASS = YES_ERROR;
				CLANG_WARN_QUOTED_INCLUDE_IN_FRAMEWORK_HEADER = YES;
				CLANG_WARN_RANGE_LOOP_ANALYSIS = YES;
				CLANG_WARN_STRICT_PROTOTYPES = YES;
				CLANG_WARN_SUSPICIOUS_MOVE = YES;
				CLANG_WARN_UNGUARDED_AVAILABILITY = YES_AGGRESSIVE;
				CLANG_WARN_UNREACHABLE_CODE = YES;
				CLANG_WARN__DUPLICATE_METHOD_MATCH = YES;
				COPY_PHASE_STRIP = NO;
				DEBUG_INFORMATION_FORMAT = dwarf;
				ENABLE_STRICT_OBJC_MSGSEND = YES;
				ENABLE_TESTABILITY = YES;
				ENABLE_USER_SCRIPT_SANDBOXING = YES;
				GCC_C_LANGUAGE_STANDARD = gnu17;
				GCC_DYNAMIC_NO_PIC = NO;
				GCC_NO_COMMON_BLOCKS = YES;
				GCC_OPTIMIZATION_LEVEL = 0;
				GCC_PREPROCESSOR_DEFINITIONS = (
					"DEBUG=1",
					"$(inherited)",
				);
				GCC_WARN_64_TO_32_BIT_CONVERSION = YES;
				GCC_WARN_ABOUT_RETURN_TYPE = YES_ERROR;
				GCC_WARN_UNDECLARED_SELECTOR = YES;
				GCC_WARN_UNINITIALIZED_AUTOS = YES_AGGRESSIVE;
				GCC_WARN_UNUSED_FUNCTION = YES;
				GCC_WARN_UNUSED_VARIABLE = YES;
				IPHONEOS_DEPLOYMENT_TARGET = 17.0;
				LOCALIZATION_PREFERS_STRING_CATALOGS = YES;
				MTL_ENABLE_DEBUG_INFO = INCLUDE_SOURCE;
				MTL_FAST_MATH = YES;
				ONLY_ACTIVE_ARCH = YES;
				SDKROOT = iphoneos;
				SWIFT_ACTIVE_COMPILATION_CONDITIONS = "DEBUG $(inherited)";
				SWIFT_OPTIMIZATION_LEVEL = "-Onone";
			};
			name = Debug;
		};
		160312942BE998FC00478E73 /* Release */ = {
			isa = XCBuildConfiguration;
			buildSettings = {
				ALWAYS_SEARCH_USER_PATHS = NO;
				ASSETCATALOG_COMPILER_GENERATE_SWIFT_ASSET_SYMBOL_EXTENSIONS = YES;
				CLANG_ANALYZER_NONNULL = YES;
				CLANG_ANALYZER_NUMBER_OBJECT_CONVERSION = YES_AGGRESSIVE;
				CLANG_CXX_LANGUAGE_STANDARD = "gnu++20";
				CLANG_ENABLE_MODULES = YES;
				CLANG_ENABLE_OBJC_ARC = YES;
				CLANG_ENABLE_OBJC_WEAK = YES;
				CLANG_WARN_BLOCK_CAPTURE_AUTORELEASING = YES;
				CLANG_WARN_BOOL_CONVERSION = YES;
				CLANG_WARN_COMMA = YES;
				CLANG_WARN_CONSTANT_CONVERSION = YES;
				CLANG_WARN_DEPRECATED_OBJC_IMPLEMENTATIONS = YES;
				CLANG_WARN_DIRECT_OBJC_ISA_USAGE = YES_ERROR;
				CLANG_WARN_DOCUMENTATION_COMMENTS = YES;
				CLANG_WARN_EMPTY_BODY = YES;
				CLANG_WARN_ENUM_CONVERSION = YES;
				CLANG_WARN_INFINITE_RECURSION = YES;
				CLANG_WARN_INT_CONVERSION = YES;
				CLANG_WARN_NON_LITERAL_NULL_CONVERSION = YES;
				CLANG_WARN_OBJC_IMPLICIT_RETAIN_SELF = YES;
				CLANG_WARN_OBJC_LITERAL_CONVERSION = YES;
				CLANG_WARN_OBJC_ROOT_CLASS = YES_ERROR;
				CLANG_WARN_QUOTED_INCLUDE_IN_FRAMEWORK_HEADER = YES;
				CLANG_WARN_RANGE_LOOP_ANALYSIS = YES;
				CLANG_WARN_STRICT_PROTOTYPES = YES;
				CLANG_WARN_SUSPICIOUS_MOVE = YES;
				CLANG_WARN_UNGUARDED_AVAILABILITY = YES_AGGRESSIVE;
				CLANG_WARN_UNREACHABLE_CODE = YES;
				CLANG_WARN__DUPLICATE_METHOD_MATCH = YES;
				COPY_PHASE_STRIP = NO;
				DEBUG_INFORMATION_FORMAT = "dwarf-with-dsym";
				ENABLE_NS_ASSERTIONS = NO;
				ENABLE_STRICT_OBJC_MSGSEND = YES;
				ENABLE_USER_SCRIPT_SANDBOXING = YES;
				GCC_C_LANGUAGE_STANDARD = gnu17;
				GCC_NO_COMMON_BLOCKS = YES;
				GCC_WARN_64_TO_32_BIT_CONVERSION = YES;
				GCC_WARN_ABOUT_RETURN_TYPE = YES_ERROR;
				GCC_WARN_UNDECLARED_SELECTOR = YES;
				GCC_WARN_UNINITIALIZED_AUTOS = YES_AGGRESSIVE;
				GCC_WARN_UNUSED_FUNCTION = YES;
				GCC_WARN_UNUSED_VARIABLE = YES;
				IPHONEOS_DEPLOYMENT_TARGET = 17.0;
				LOCALIZATION_PREFERS_STRING_CATALOGS = YES;
				MTL_ENABLE_DEBUG_INFO = NO;
				MTL_FAST_MATH = YES;
				SDKROOT = iphoneos;
				SWIFT_COMPILATION_MODE = wholemodule;
				VALIDATE_PRODUCT = YES;
			};
			name = Release;
		};
		160312962BE998FC00478E73 /* Debug */ = {
			isa = XCBuildConfiguration;
			buildSettings = {
				ASSETCATALOG_COMPILER_APPICON_NAME = AppIcon;
				ASSETCATALOG_COMPILER_GLOBAL_ACCENT_COLOR_NAME = AccentColor;
				CODE_SIGN_STYLE = Automatic;
				CURRENT_PROJECT_VERSION = 1;
				DEVELOPMENT_ASSET_PATHS = "\"SuperSpecialTimer/Preview Content\"";
				DEVELOPMENT_TEAM = HY3LPP8363;
				ENABLE_PREVIEWS = YES;
				GENERATE_INFOPLIST_FILE = YES;
				INFOPLIST_KEY_UIApplicationSceneManifest_Generation = YES;
				INFOPLIST_KEY_UIApplicationSupportsIndirectInputEvents = YES;
				INFOPLIST_KEY_UILaunchScreen_Generation = YES;
				INFOPLIST_KEY_UISupportedInterfaceOrientations_iPad = "UIInterfaceOrientationPortrait UIInterfaceOrientationPortraitUpsideDown UIInterfaceOrientationLandscapeLeft UIInterfaceOrientationLandscapeRight";
				INFOPLIST_KEY_UISupportedInterfaceOrientations_iPhone = "UIInterfaceOrientationPortrait UIInterfaceOrientationLandscapeLeft UIInterfaceOrientationLandscapeRight";
				LD_RUNPATH_SEARCH_PATHS = (
					"$(inherited)",
					"@executable_path/Frameworks",
				);
				MARKETING_VERSION = 1.0;
				PRODUCT_BUNDLE_IDENTIFIER = daveyg.SuperSpecialTimer;
				PRODUCT_NAME = "$(TARGET_NAME)";
				SWIFT_EMIT_LOC_STRINGS = YES;
				SWIFT_VERSION = 5.0;
				TARGETED_DEVICE_FAMILY = "1,2";
			};
			name = Debug;
		};
		160312972BE998FC00478E73 /* Release */ = {
			isa = XCBuildConfiguration;
			buildSettings = {
				ASSETCATALOG_COMPILER_APPICON_NAME = AppIcon;
				ASSETCATALOG_COMPILER_GLOBAL_ACCENT_COLOR_NAME = AccentColor;
				CODE_SIGN_STYLE = Automatic;
				CURRENT_PROJECT_VERSION = 1;
				DEVELOPMENT_ASSET_PATHS = "\"SuperSpecialTimer/Preview Content\"";
				DEVELOPMENT_TEAM = HY3LPP8363;
				ENABLE_PREVIEWS = YES;
				GENERATE_INFOPLIST_FILE = YES;
				INFOPLIST_KEY_UIApplicationSceneManifest_Generation = YES;
				INFOPLIST_KEY_UIApplicationSupportsIndirectInputEvents = YES;
				INFOPLIST_KEY_UILaunchScreen_Generation = YES;
				INFOPLIST_KEY_UISupportedInterfaceOrientations_iPad = "UIInterfaceOrientationPortrait UIInterfaceOrientationPortraitUpsideDown UIInterfaceOrientationLandscapeLeft UIInterfaceOrientationLandscapeRight";
				INFOPLIST_KEY_UISupportedInterfaceOrientations_iPhone = "UIInterfaceOrientationPortrait UIInterfaceOrientationLandscapeLeft UIInterfaceOrientationLandscapeRight";
				LD_RUNPATH_SEARCH_PATHS = (
					"$(inherited)",
					"@executable_path/Frameworks",
				);
				MARKETING_VERSION = 1.0;
				PRODUCT_BUNDLE_IDENTIFIER = daveyg.SuperSpecialTimer;
				PRODUCT_NAME = "$(TARGET_NAME)";
				SWIFT_EMIT_LOC_STRINGS = YES;
				SWIFT_VERSION = 5.0;
				TARGETED_DEVICE_FAMILY = "1,2";
			};
			name = Release;
		};
		160312992BE998FC00478E73 /* Debug */ = {
			isa = XCBuildConfiguration;
			buildSettings = {
				ALWAYS_EMBED_SWIFT_STANDARD_LIBRARIES = YES;
				BUNDLE_LOADER = "$(TEST_HOST)";
				CODE_SIGN_STYLE = Automatic;
				CURRENT_PROJECT_VERSION = 1;
				DEVELOPMENT_TEAM = HY3LPP8363;
				GENERATE_INFOPLIST_FILE = YES;
				IPHONEOS_DEPLOYMENT_TARGET = 17.0;
				MARKETING_VERSION = 1.0;
				PRODUCT_BUNDLE_IDENTIFIER = daveyg.SuperSpecialTimerTests;
				PRODUCT_NAME = "$(TARGET_NAME)";
				SWIFT_EMIT_LOC_STRINGS = NO;
				SWIFT_VERSION = 5.0;
				TARGETED_DEVICE_FAMILY = "1,2";
				TEST_HOST = "$(BUILT_PRODUCTS_DIR)/SuperSpecialTimer.app/$(BUNDLE_EXECUTABLE_FOLDER_PATH)/SuperSpecialTimer";
			};
			name = Debug;
		};
		1603129A2BE998FC00478E73 /* Release */ = {
			isa = XCBuildConfiguration;
			buildSettings = {
				ALWAYS_EMBED_SWIFT_STANDARD_LIBRARIES = YES;
				BUNDLE_LOADER = "$(TEST_HOST)";
				CODE_SIGN_STYLE = Automatic;
				CURRENT_PROJECT_VERSION = 1;
				DEVELOPMENT_TEAM = HY3LPP8363;
				GENERATE_INFOPLIST_FILE = YES;
				IPHONEOS_DEPLOYMENT_TARGET = 17.0;
				MARKETING_VERSION = 1.0;
				PRODUCT_BUNDLE_IDENTIFIER = daveyg.SuperSpecialTimerTests;
				PRODUCT_NAME = "$(TARGET_NAME)";
				SWIFT_EMIT_LOC_STRINGS = NO;
				SWIFT_VERSION = 5.0;
				TARGETED_DEVICE_FAMILY = "1,2";
				TEST_HOST = "$(BUILT_PRODUCTS_DIR)/SuperSpecialTimer.app/$(BUNDLE_EXECUTABLE_FOLDER_PATH)/SuperSpecialTimer";
			};
			name = Release;
		};
		1603129C2BE998FC00478E73 /* Debug */ = {
			isa = XCBuildConfiguration;
			buildSettings = {
				ALWAYS_EMBED_SWIFT_STANDARD_LIBRARIES = YES;
				CODE_SIGN_STYLE = Automatic;
				CURRENT_PROJECT_VERSION = 1;
				DEVELOPMENT_TEAM = HY3LPP8363;
				GENERATE_INFOPLIST_FILE = YES;
				MARKETING_VERSION = 1.0;
				PRODUCT_BUNDLE_IDENTIFIER = daveyg.SuperSpecialTimerUITests;
				PRODUCT_NAME = "$(TARGET_NAME)";
				SWIFT_EMIT_LOC_STRINGS = NO;
				SWIFT_VERSION = 5.0;
				TARGETED_DEVICE_FAMILY = "1,2";
				TEST_TARGET_NAME = SuperSpecialTimer;
			};
			name = Debug;
		};
		1603129D2BE998FC00478E73 /* Release */ = {
			isa = XCBuildConfiguration;
			buildSettings = {
				ALWAYS_EMBED_SWIFT_STANDARD_LIBRARIES = YES;
				CODE_SIGN_STYLE = Automatic;
				CURRENT_PROJECT_VERSION = 1;
				DEVELOPMENT_TEAM = HY3LPP8363;
				GENERATE_INFOPLIST_FILE = YES;
				MARKETING_VERSION = 1.0;
				PRODUCT_BUNDLE_IDENTIFIER = daveyg.SuperSpecialTimerUITests;
				PRODUCT_NAME = "$(TARGET_NAME)";
				SWIFT_EMIT_LOC_STRINGS = NO;
				SWIFT_VERSION = 5.0;
				TARGETED_DEVICE_FAMILY = "1,2";
				TEST_TARGET_NAME = SuperSpecialTimer;
			};
			name = Release;
		};
/* End XCBuildConfiguration section */

/* Begin XCConfigurationList section */
		1603126C2BE998FA00478E73 /* Build configuration list for PBXProject "SuperSpecialTimer" */ = {
			isa = XCConfigurationList;
			buildConfigurations = (
				160312932BE998FC00478E73 /* Debug */,
				160312942BE998FC00478E73 /* Release */,
			);
			defaultConfigurationIsVisible = 0;
			defaultConfigurationName = Release;
		};
		160312952BE998FC00478E73 /* Build configuration list for PBXNativeTarget "SuperSpecialTimer" */ = {
			isa = XCConfigurationList;
			buildConfigurations = (
				160312962BE998FC00478E73 /* Debug */,
				160312972BE998FC00478E73 /* Release */,
			);
			defaultConfigurationIsVisible = 0;
			defaultConfigurationName = Release;
		};
		160312982BE998FC00478E73 /* Build configuration list for PBXNativeTarget "SuperSpecialTimerTests" */ = {
			isa = XCConfigurationList;
			buildConfigurations = (
				160312992BE998FC00478E73 /* Debug */,
				1603129A2BE998FC00478E73 /* Release */,
			);
			defaultConfigurationIsVisible = 0;
			defaultConfigurationName = Release;
		};
		1603129B2BE998FC00478E73 /* Build configuration list for PBXNativeTarget "SuperSpecialTimerUITests" */ = {
			isa = XCConfigurationList;
			buildConfigurations = (
				1603129C2BE998FC00478E73 /* Debug */,
				1603129D2BE998FC00478E73 /* Release */,
			);
			defaultConfigurationIsVisible = 0;
			defaultConfigurationName = Release;
		};
/* End XCConfigurationList section */
	};
	rootObject = 160312692BE998FA00478E73 /* Project object */;
}
